
Microsoft Visual Studio Solution File, Format Version 12.00
# Visual Studio Version 17
VisualStudioVersion = 17.3.32901.215
MinimumVisualStudioVersion = 10.0.40219.1
Project("{FAE04EC0-301F-11D3-BF4B-00C04F79EFBC}") = "Desafio", "Desafio.csproj", "{48BFCEF9-2836-4E3F-8E3A-C150D907FB6C}"
EndProject
Global
	GlobalSection(SolutionConfigurationPlatforms) = preSolution
		Debug|Any CPU = Debug|Any CPU
		Release|Any CPU = Release|Any CPU
	EndGlobalSection
	GlobalSection(ProjectConfigurationPlatforms) = postSolution
		{48BFCEF9-2836-4E3F-8E3A-C150D907FB6C}.Debug|Any CPU.ActiveCfg = Debug|Any CPU
		{48BFCEF9-2836-4E3F-8E3A-C150D907FB6C}.Debug|Any CPU.Build.0 = Debug|Any CPU
		{48BFCEF9-2836-4E3F-8E3A-C150D907FB6C}.Release|Any CPU.ActiveCfg = Release|Any CPU
		{48BFCEF9-2836-4E3F-8E3A-C150D907FB6C}.Release|Any CPU.Build.0 = Release|Any CPU
	EndGlobalSection
	GlobalSection(SolutionProperties) = preSolution
		HideSolutionNode = FALSE
	EndGlobalSection
	GlobalSection(ExtensibilityGlobals) = postSolution
		SolutionGuid = {41648B77-AADA-46DD-81FB-C16A68E6BEBB}
	EndGlobalSection
EndGlobal
